// !$*UTF8*$!
{
	archiveVersion = 1;
	classes = {
	};
	objectVersion = 46;
	objects = {

/* Begin PBXBuildFile section */
		4C40299A19F43DDB0095DEB4 /* CapturePhoneNumberViewController.swift in Sources */ = {isa = PBXBuildFile; fileRef = 4C40299919F43DDB0095DEB4 /* CapturePhoneNumberViewController.swift */; };
		4C40299C19F44B670095DEB4 /* Parse.framework in Frameworks */ = {isa = PBXBuildFile; fileRef = 4C40299B19F44B670095DEB4 /* Parse.framework */; };
		4C40299E19F44BD40095DEB4 /* StoreKit.framework in Frameworks */ = {isa = PBXBuildFile; fileRef = 4C40299D19F44BD40095DEB4 /* StoreKit.framework */; };
		4C4029A019F44BDA0095DEB4 /* SystemConfiguration.framework in Frameworks */ = {isa = PBXBuildFile; fileRef = 4C40299F19F44BDA0095DEB4 /* SystemConfiguration.framework */; };
		4C4029A219F44BE20095DEB4 /* AudioToolbox.framework in Frameworks */ = {isa = PBXBuildFile; fileRef = 4C4029A119F44BE20095DEB4 /* AudioToolbox.framework */; };
		4C4029A419F44BE90095DEB4 /* CFNetwork.framework in Frameworks */ = {isa = PBXBuildFile; fileRef = 4C4029A319F44BE90095DEB4 /* CFNetwork.framework */; };
		4C4029A619F44BF00095DEB4 /* CoreGraphics.framework in Frameworks */ = {isa = PBXBuildFile; fileRef = 4C4029A519F44BF00095DEB4 /* CoreGraphics.framework */; };
		4C4029A819F44BF60095DEB4 /* CoreLocation.framework in Frameworks */ = {isa = PBXBuildFile; fileRef = 4C4029A719F44BF60095DEB4 /* CoreLocation.framework */; };
		4C4029AA19F44BFC0095DEB4 /* libz.dylib in Frameworks */ = {isa = PBXBuildFile; fileRef = 4C4029A919F44BFC0095DEB4 /* libz.dylib */; };
		4C4029AC19F44C010095DEB4 /* MobileCoreServices.framework in Frameworks */ = {isa = PBXBuildFile; fileRef = 4C4029AB19F44C010095DEB4 /* MobileCoreServices.framework */; };
		4C4029AE19F44C080095DEB4 /* QuartzCore.framework in Frameworks */ = {isa = PBXBuildFile; fileRef = 4C4029AD19F44C080095DEB4 /* QuartzCore.framework */; };
		4C4029B019F44C0C0095DEB4 /* Security.framework in Frameworks */ = {isa = PBXBuildFile; fileRef = 4C4029AF19F44C0C0095DEB4 /* Security.framework */; };
		4C4029B219F44C240095DEB4 /* Bolts.framework in Frameworks */ = {isa = PBXBuildFile; fileRef = 4C4029B119F44C240095DEB4 /* Bolts.framework */; };
		4C966C2A19F58E8F00A03660 /* ContactsTableViewController.swift in Sources */ = {isa = PBXBuildFile; fileRef = 4C966C2919F58E8F00A03660 /* ContactsTableViewController.swift */; };
		4C9ED5A319F5958000B3A895 /* ContactsTableViewCell.swift in Sources */ = {isa = PBXBuildFile; fileRef = 4C9ED5A219F5958000B3A895 /* ContactsTableViewCell.swift */; };
		4CCD3DE619F4345A0055CE58 /* AppDelegate.swift in Sources */ = {isa = PBXBuildFile; fileRef = 4CCD3DE519F4345A0055CE58 /* AppDelegate.swift */; };
		4CCD3DE819F4345A0055CE58 /* ViewController.swift in Sources */ = {isa = PBXBuildFile; fileRef = 4CCD3DE719F4345A0055CE58 /* ViewController.swift */; };
		4CCD3DEB19F4345A0055CE58 /* Main.storyboard in Resources */ = {isa = PBXBuildFile; fileRef = 4CCD3DE919F4345A0055CE58 /* Main.storyboard */; };
		4CCD3DED19F4345A0055CE58 /* Images.xcassets in Resources */ = {isa = PBXBuildFile; fileRef = 4CCD3DEC19F4345A0055CE58 /* Images.xcassets */; };
		4CCD3DF019F4345A0055CE58 /* LaunchScreen.xib in Resources */ = {isa = PBXBuildFile; fileRef = 4CCD3DEE19F4345A0055CE58 /* LaunchScreen.xib */; };
		4CCD3DFC19F4345A0055CE58 /* CatchUpTests.swift in Sources */ = {isa = PBXBuildFile; fileRef = 4CCD3DFB19F4345A0055CE58 /* CatchUpTests.swift */; };
		9BA3B3C8546C72C64D5A5161 /* libPods-CatchUp.a in Frameworks */ = {isa = PBXBuildFile; fileRef = 5467F7881EC28FFD1CF18596 /* libPods-CatchUp.a */; };
/* End PBXBuildFile section */

/* Begin PBXContainerItemProxy section */
		4CCD3DF619F4345A0055CE58 /* PBXContainerItemProxy */ = {
			isa = PBXContainerItemProxy;
			containerPortal = 4CCD3DD819F4345A0055CE58 /* Project object */;
			proxyType = 1;
			remoteGlobalIDString = 4CCD3DDF19F4345A0055CE58;
			remoteInfo = CatchUp;
		};
/* End PBXContainerItemProxy section */

/* Begin PBXFileReference section */
		4C40299819F4385C0095DEB4 /* CatchUp-Bridging-Header.h */ = {isa = PBXFileReference; lastKnownFileType = sourcecode.c.h; path = "CatchUp-Bridging-Header.h"; sourceTree = "<group>"; };
		4C40299919F43DDB0095DEB4 /* CapturePhoneNumberViewController.swift */ = {isa = PBXFileReference; fileEncoding = 4; lastKnownFileType = sourcecode.swift; path = CapturePhoneNumberViewController.swift; sourceTree = "<group>"; };
		4C40299B19F44B670095DEB4 /* Parse.framework */ = {isa = PBXFileReference; lastKnownFileType = wrapper.framework; path = Parse.framework; sourceTree = "<group>"; };
		4C40299D19F44BD40095DEB4 /* StoreKit.framework */ = {isa = PBXFileReference; lastKnownFileType = wrapper.framework; name = StoreKit.framework; path = System/Library/Frameworks/StoreKit.framework; sourceTree = SDKROOT; };
		4C40299F19F44BDA0095DEB4 /* SystemConfiguration.framework */ = {isa = PBXFileReference; lastKnownFileType = wrapper.framework; name = SystemConfiguration.framework; path = System/Library/Frameworks/SystemConfiguration.framework; sourceTree = SDKROOT; };
		4C4029A119F44BE20095DEB4 /* AudioToolbox.framework */ = {isa = PBXFileReference; lastKnownFileType = wrapper.framework; name = AudioToolbox.framework; path = System/Library/Frameworks/AudioToolbox.framework; sourceTree = SDKROOT; };
		4C4029A319F44BE90095DEB4 /* CFNetwork.framework */ = {isa = PBXFileReference; lastKnownFileType = wrapper.framework; name = CFNetwork.framework; path = System/Library/Frameworks/CFNetwork.framework; sourceTree = SDKROOT; };
		4C4029A519F44BF00095DEB4 /* CoreGraphics.framework */ = {isa = PBXFileReference; lastKnownFileType = wrapper.framework; name = CoreGraphics.framework; path = System/Library/Frameworks/CoreGraphics.framework; sourceTree = SDKROOT; };
		4C4029A719F44BF60095DEB4 /* CoreLocation.framework */ = {isa = PBXFileReference; lastKnownFileType = wrapper.framework; name = CoreLocation.framework; path = System/Library/Frameworks/CoreLocation.framework; sourceTree = SDKROOT; };
		4C4029A919F44BFC0095DEB4 /* libz.dylib */ = {isa = PBXFileReference; lastKnownFileType = "compiled.mach-o.dylib"; name = libz.dylib; path = usr/lib/libz.dylib; sourceTree = SDKROOT; };
		4C4029AB19F44C010095DEB4 /* MobileCoreServices.framework */ = {isa = PBXFileReference; lastKnownFileType = wrapper.framework; name = MobileCoreServices.framework; path = System/Library/Frameworks/MobileCoreServices.framework; sourceTree = SDKROOT; };
		4C4029AD19F44C080095DEB4 /* QuartzCore.framework */ = {isa = PBXFileReference; lastKnownFileType = wrapper.framework; name = QuartzCore.framework; path = System/Library/Frameworks/QuartzCore.framework; sourceTree = SDKROOT; };
		4C4029AF19F44C0C0095DEB4 /* Security.framework */ = {isa = PBXFileReference; lastKnownFileType = wrapper.framework; name = Security.framework; path = System/Library/Frameworks/Security.framework; sourceTree = SDKROOT; };
		4C4029B119F44C240095DEB4 /* Bolts.framework */ = {isa = PBXFileReference; lastKnownFileType = wrapper.framework; path = Bolts.framework; sourceTree = "<group>"; };
		4C966C2919F58E8F00A03660 /* ContactsTableViewController.swift */ = {isa = PBXFileReference; fileEncoding = 4; lastKnownFileType = sourcecode.swift; path = ContactsTableViewController.swift; sourceTree = "<group>"; };
		4C9ED5A219F5958000B3A895 /* ContactsTableViewCell.swift */ = {isa = PBXFileReference; fileEncoding = 4; lastKnownFileType = sourcecode.swift; path = ContactsTableViewCell.swift; sourceTree = "<group>"; };
		4CCD3DE019F4345A0055CE58 /* CatchUp.app */ = {isa = PBXFileReference; explicitFileType = wrapper.application; includeInIndex = 0; path = CatchUp.app; sourceTree = BUILT_PRODUCTS_DIR; };
		4CCD3DE419F4345A0055CE58 /* Info.plist */ = {isa = PBXFileReference; lastKnownFileType = text.plist.xml; path = Info.plist; sourceTree = "<group>"; };
		4CCD3DE519F4345A0055CE58 /* AppDelegate.swift */ = {isa = PBXFileReference; lastKnownFileType = sourcecode.swift; path = AppDelegate.swift; sourceTree = "<group>"; };
		4CCD3DE719F4345A0055CE58 /* ViewController.swift */ = {isa = PBXFileReference; lastKnownFileType = sourcecode.swift; path = ViewController.swift; sourceTree = "<group>"; };
		4CCD3DEA19F4345A0055CE58 /* Base */ = {isa = PBXFileReference; lastKnownFileType = file.storyboard; name = Base; path = Base.lproj/Main.storyboard; sourceTree = "<group>"; };
		4CCD3DEC19F4345A0055CE58 /* Images.xcassets */ = {isa = PBXFileReference; lastKnownFileType = folder.assetcatalog; path = Images.xcassets; sourceTree = "<group>"; };
		4CCD3DEF19F4345A0055CE58 /* Base */ = {isa = PBXFileReference; lastKnownFileType = file.xib; name = Base; path = Base.lproj/LaunchScreen.xib; sourceTree = "<group>"; };
		4CCD3DF519F4345A0055CE58 /* CatchUpTests.xctest */ = {isa = PBXFileReference; explicitFileType = wrapper.cfbundle; includeInIndex = 0; path = CatchUpTests.xctest; sourceTree = BUILT_PRODUCTS_DIR; };
		4CCD3DFA19F4345A0055CE58 /* Info.plist */ = {isa = PBXFileReference; lastKnownFileType = text.plist.xml; path = Info.plist; sourceTree = "<group>"; };
		4CCD3DFB19F4345A0055CE58 /* CatchUpTests.swift */ = {isa = PBXFileReference; lastKnownFileType = sourcecode.swift; path = CatchUpTests.swift; sourceTree = "<group>"; };
		4E2B0397CE1388E22528A05D /* Pods-CatchUp.debug.xcconfig */ = {isa = PBXFileReference; includeInIndex = 1; lastKnownFileType = text.xcconfig; name = "Pods-CatchUp.debug.xcconfig"; path = "Pods/Target Support Files/Pods-CatchUp/Pods-CatchUp.debug.xcconfig"; sourceTree = "<group>"; };
		5467F7881EC28FFD1CF18596 /* libPods-CatchUp.a */ = {isa = PBXFileReference; explicitFileType = archive.ar; includeInIndex = 0; path = "libPods-CatchUp.a"; sourceTree = BUILT_PRODUCTS_DIR; };
		5B735488D24DF3C2B738E828 /* Pods-CatchUp.release.xcconfig */ = {isa = PBXFileReference; includeInIndex = 1; lastKnownFileType = text.xcconfig; name = "Pods-CatchUp.release.xcconfig"; path = "Pods/Target Support Files/Pods-CatchUp/Pods-CatchUp.release.xcconfig"; sourceTree = "<group>"; };
/* End PBXFileReference section */

/* Begin PBXFrameworksBuildPhase section */
		4CCD3DDD19F4345A0055CE58 /* Frameworks */ = {
			isa = PBXFrameworksBuildPhase;
			buildActionMask = 2147483647;
			files = (
				4C40299E19F44BD40095DEB4 /* StoreKit.framework in Frameworks */,
				4C4029B019F44C0C0095DEB4 /* Security.framework in Frameworks */,
				4C4029AE19F44C080095DEB4 /* QuartzCore.framework in Frameworks */,
				4C4029AC19F44C010095DEB4 /* MobileCoreServices.framework in Frameworks */,
				4C4029AA19F44BFC0095DEB4 /* libz.dylib in Frameworks */,
				4C4029A819F44BF60095DEB4 /* CoreLocation.framework in Frameworks */,
				4C4029A619F44BF00095DEB4 /* CoreGraphics.framework in Frameworks */,
				4C4029B219F44C240095DEB4 /* Bolts.framework in Frameworks */,
				4C4029A419F44BE90095DEB4 /* CFNetwork.framework in Frameworks */,
				4C4029A219F44BE20095DEB4 /* AudioToolbox.framework in Frameworks */,
				4C4029A019F44BDA0095DEB4 /* SystemConfiguration.framework in Frameworks */,
				4C40299C19F44B670095DEB4 /* Parse.framework in Frameworks */,
				9BA3B3C8546C72C64D5A5161 /* libPods-CatchUp.a in Frameworks */,
			);
			runOnlyForDeploymentPostprocessing = 0;
		};
		4CCD3DF219F4345A0055CE58 /* Frameworks */ = {
			isa = PBXFrameworksBuildPhase;
			buildActionMask = 2147483647;
			files = (
			);
			runOnlyForDeploymentPostprocessing = 0;
		};
/* End PBXFrameworksBuildPhase section */

/* Begin PBXGroup section */
		4CCD3DD719F4345A0055CE58 = {
			isa = PBXGroup;
			children = (
				4CCD3DE219F4345A0055CE58 /* CatchUp */,
				4CCD3DF819F4345A0055CE58 /* CatchUpTests */,
				4CCD3DE119F4345A0055CE58 /* Products */,
				DE8CB243CC760F4DB2C098F8 /* Pods */,
				90A9143F7CA321A2F10AB167 /* Frameworks */,
			);
			sourceTree = "<group>";
		};
		4CCD3DE119F4345A0055CE58 /* Products */ = {
			isa = PBXGroup;
			children = (
				4CCD3DE019F4345A0055CE58 /* CatchUp.app */,
				4CCD3DF519F4345A0055CE58 /* CatchUpTests.xctest */,
			);
			name = Products;
			sourceTree = "<group>";
		};
		4CCD3DE219F4345A0055CE58 /* CatchUp */ = {
			isa = PBXGroup;
			children = (
				4CCD3DE519F4345A0055CE58 /* AppDelegate.swift */,
				4C40299919F43DDB0095DEB4 /* CapturePhoneNumberViewController.swift */,
				4CCD3DE719F4345A0055CE58 /* ViewController.swift */,
				4CCD3DE919F4345A0055CE58 /* Main.storyboard */,
				4CCD3DEC19F4345A0055CE58 /* Images.xcassets */,
				4CCD3DEE19F4345A0055CE58 /* LaunchScreen.xib */,
				4CCD3DE319F4345A0055CE58 /* Supporting Files */,
				4C40299819F4385C0095DEB4 /* CatchUp-Bridging-Header.h */,
				4C966C2919F58E8F00A03660 /* ContactsTableViewController.swift */,
				4C9ED5A219F5958000B3A895 /* ContactsTableViewCell.swift */,
			);
			path = CatchUp;
			sourceTree = "<group>";
		};
		4CCD3DE319F4345A0055CE58 /* Supporting Files */ = {
			isa = PBXGroup;
			children = (
				4C4029B119F44C240095DEB4 /* Bolts.framework */,
				4C40299B19F44B670095DEB4 /* Parse.framework */,
				4CCD3DE419F4345A0055CE58 /* Info.plist */,
			);
			name = "Supporting Files";
			sourceTree = "<group>";
		};
		4CCD3DF819F4345A0055CE58 /* CatchUpTests */ = {
			isa = PBXGroup;
			children = (
				4CCD3DFB19F4345A0055CE58 /* CatchUpTests.swift */,
				4CCD3DF919F4345A0055CE58 /* Supporting Files */,
			);
			path = CatchUpTests;
			sourceTree = "<group>";
		};
		4CCD3DF919F4345A0055CE58 /* Supporting Files */ = {
			isa = PBXGroup;
			children = (
				4CCD3DFA19F4345A0055CE58 /* Info.plist */,
			);
			name = "Supporting Files";
			sourceTree = "<group>";
		};
		90A9143F7CA321A2F10AB167 /* Frameworks */ = {
			isa = PBXGroup;
			children = (
				4C4029AF19F44C0C0095DEB4 /* Security.framework */,
				4C4029AD19F44C080095DEB4 /* QuartzCore.framework */,
				4C4029AB19F44C010095DEB4 /* MobileCoreServices.framework */,
				4C4029A919F44BFC0095DEB4 /* libz.dylib */,
				4C4029A719F44BF60095DEB4 /* CoreLocation.framework */,
				4C4029A519F44BF00095DEB4 /* CoreGraphics.framework */,
				4C4029A319F44BE90095DEB4 /* CFNetwork.framework */,
				4C4029A119F44BE20095DEB4 /* AudioToolbox.framework */,
				4C40299F19F44BDA0095DEB4 /* SystemConfiguration.framework */,
				4C40299D19F44BD40095DEB4 /* StoreKit.framework */,
				5467F7881EC28FFD1CF18596 /* libPods-CatchUp.a */,
			);
			name = Frameworks;
			sourceTree = "<group>";
		};
		DE8CB243CC760F4DB2C098F8 /* Pods */ = {
			isa = PBXGroup;
			children = (
				4E2B0397CE1388E22528A05D /* Pods-CatchUp.debug.xcconfig */,
				5B735488D24DF3C2B738E828 /* Pods-CatchUp.release.xcconfig */,
			);
			name = Pods;
			sourceTree = "<group>";
		};
/* End PBXGroup section */

/* Begin PBXNativeTarget section */
		4CCD3DDF19F4345A0055CE58 /* CatchUp */ = {
			isa = PBXNativeTarget;
			buildConfigurationList = 4CCD3DFF19F4345A0055CE58 /* Build configuration list for PBXNativeTarget "CatchUp" */;
			buildPhases = (
				0389242957784A472BC75C96 /* Check Pods Manifest.lock */,
				4CCD3DDC19F4345A0055CE58 /* Sources */,
				4CCD3DDD19F4345A0055CE58 /* Frameworks */,
				4CCD3DDE19F4345A0055CE58 /* Resources */,
				3ECBCB3A2535FB7A7D6131A9 /* Copy Pods Resources */,
			);
			buildRules = (
			);
			dependencies = (
			);
			name = CatchUp;
			productName = CatchUp;
			productReference = 4CCD3DE019F4345A0055CE58 /* CatchUp.app */;
			productType = "com.apple.product-type.application";
		};
		4CCD3DF419F4345A0055CE58 /* CatchUpTests */ = {
			isa = PBXNativeTarget;
			buildConfigurationList = 4CCD3E0219F4345A0055CE58 /* Build configuration list for PBXNativeTarget "CatchUpTests" */;
			buildPhases = (
				4CCD3DF119F4345A0055CE58 /* Sources */,
				4CCD3DF219F4345A0055CE58 /* Frameworks */,
				4CCD3DF319F4345A0055CE58 /* Resources */,
			);
			buildRules = (
			);
			dependencies = (
				4CCD3DF719F4345A0055CE58 /* PBXTargetDependency */,
			);
			name = CatchUpTests;
			productName = CatchUpTests;
			productReference = 4CCD3DF519F4345A0055CE58 /* CatchUpTests.xctest */;
			productType = "com.apple.product-type.bundle.unit-test";
		};
/* End PBXNativeTarget section */

/* Begin PBXProject section */
		4CCD3DD819F4345A0055CE58 /* Project object */ = {
			isa = PBXProject;
			attributes = {
				LastUpgradeCheck = 0600;
				ORGANIZATIONNAME = "Nicholas Kostelnik";
				TargetAttributes = {
					4CCD3DDF19F4345A0055CE58 = {
						CreatedOnToolsVersion = 6.0.1;
						DevelopmentTeam = QQ6H83VL9N;
					};
					4CCD3DF419F4345A0055CE58 = {
						CreatedOnToolsVersion = 6.0.1;
						TestTargetID = 4CCD3DDF19F4345A0055CE58;
					};
				};
			};
			buildConfigurationList = 4CCD3DDB19F4345A0055CE58 /* Build configuration list for PBXProject "CatchUp" */;
			compatibilityVersion = "Xcode 3.2";
			developmentRegion = English;
			hasScannedForEncodings = 0;
			knownRegions = (
				en,
				Base,
			);
			mainGroup = 4CCD3DD719F4345A0055CE58;
			productRefGroup = 4CCD3DE119F4345A0055CE58 /* Products */;
			projectDirPath = "";
			projectRoot = "";
			targets = (
				4CCD3DDF19F4345A0055CE58 /* CatchUp */,
				4CCD3DF419F4345A0055CE58 /* CatchUpTests */,
			);
		};
/* End PBXProject section */

/* Begin PBXResourcesBuildPhase section */
		4CCD3DDE19F4345A0055CE58 /* Resources */ = {
			isa = PBXResourcesBuildPhase;
			buildActionMask = 2147483647;
			files = (
				4CCD3DEB19F4345A0055CE58 /* Main.storyboard in Resources */,
				4CCD3DF019F4345A0055CE58 /* LaunchScreen.xib in Resources */,
				4CCD3DED19F4345A0055CE58 /* Images.xcassets in Resources */,
			);
			runOnlyForDeploymentPostprocessing = 0;
		};
		4CCD3DF319F4345A0055CE58 /* Resources */ = {
			isa = PBXResourcesBuildPhase;
			buildActionMask = 2147483647;
			files = (
			);
			runOnlyForDeploymentPostprocessing = 0;
		};
/* End PBXResourcesBuildPhase section */

/* Begin PBXShellScriptBuildPhase section */
		0389242957784A472BC75C96 /* Check Pods Manifest.lock */ = {
			isa = PBXShellScriptBuildPhase;
			buildActionMask = 2147483647;
			files = (
			);
			inputPaths = (
			);
			name = "Check Pods Manifest.lock";
			outputPaths = (
			);
			runOnlyForDeploymentPostprocessing = 0;
			shellPath = /bin/sh;
			shellScript = "diff \"${PODS_ROOT}/../Podfile.lock\" \"${PODS_ROOT}/Manifest.lock\" > /dev/null\nif [[ $? != 0 ]] ; then\n    cat << EOM\nerror: The sandbox is not in sync with the Podfile.lock. Run 'pod install' or update your CocoaPods installation.\nEOM\n    exit 1\nfi\n";
			showEnvVarsInLog = 0;
		};
		3ECBCB3A2535FB7A7D6131A9 /* Copy Pods Resources */ = {
			isa = PBXShellScriptBuildPhase;
			buildActionMask = 2147483647;
			files = (
			);
			inputPaths = (
			);
			name = "Copy Pods Resources";
			outputPaths = (
			);
			runOnlyForDeploymentPostprocessing = 0;
			shellPath = /bin/sh;
			shellScript = "\"${SRCROOT}/Pods/Target Support Files/Pods-CatchUp/Pods-CatchUp-resources.sh\"\n";
			showEnvVarsInLog = 0;
		};
/* End PBXShellScriptBuildPhase section */

/* Begin PBXSourcesBuildPhase section */
		4CCD3DDC19F4345A0055CE58 /* Sources */ = {
			isa = PBXSourcesBuildPhase;
			buildActionMask = 2147483647;
			files = (
				4C40299A19F43DDB0095DEB4 /* CapturePhoneNumberViewController.swift in Sources */,
				4CCD3DE819F4345A0055CE58 /* ViewController.swift in Sources */,
				4C9ED5A319F5958000B3A895 /* ContactsTableViewCell.swift in Sources */,
				4C966C2A19F58E8F00A03660 /* ContactsTableViewController.swift in Sources */,
				4CCD3DE619F4345A0055CE58 /* AppDelegate.swift in Sources */,
			);
			runOnlyForDeploymentPostprocessing = 0;
		};
		4CCD3DF119F4345A0055CE58 /* Sources */ = {
			isa = PBXSourcesBuildPhase;
			buildActionMask = 2147483647;
			files = (
				4CCD3DFC19F4345A0055CE58 /* CatchUpTests.swift in Sources */,
			);
			runOnlyForDeploymentPostprocessing = 0;
		};
/* End PBXSourcesBuildPhase section */

/* Begin PBXTargetDependency section */
		4CCD3DF719F4345A0055CE58 /* PBXTargetDependency */ = {
			isa = PBXTargetDependency;
			target = 4CCD3DDF19F4345A0055CE58 /* CatchUp */;
			targetProxy = 4CCD3DF619F4345A0055CE58 /* PBXContainerItemProxy */;
		};
/* End PBXTargetDependency section */

/* Begin PBXVariantGroup section */
		4CCD3DE919F4345A0055CE58 /* Main.storyboard */ = {
			isa = PBXVariantGroup;
			children = (
				4CCD3DEA19F4345A0055CE58 /* Base */,
			);
			name = Main.storyboard;
			sourceTree = "<group>";
		};
		4CCD3DEE19F4345A0055CE58 /* LaunchScreen.xib */ = {
			isa = PBXVariantGroup;
			children = (
				4CCD3DEF19F4345A0055CE58 /* Base */,
			);
			name = LaunchScreen.xib;
			sourceTree = "<group>";
		};
/* End PBXVariantGroup section */

/* Begin XCBuildConfiguration section */
		4CCD3DFD19F4345A0055CE58 /* Debug */ = {
			isa = XCBuildConfiguration;
			buildSettings = {
				ALWAYS_SEARCH_USER_PATHS = NO;
				CLANG_CXX_LANGUAGE_STANDARD = "gnu++0x";
				CLANG_CXX_LIBRARY = "libc++";
				CLANG_ENABLE_MODULES = YES;
				CLANG_ENABLE_OBJC_ARC = YES;
				CLANG_WARN_BOOL_CONVERSION = YES;
				CLANG_WARN_CONSTANT_CONVERSION = YES;
				CLANG_WARN_DIRECT_OBJC_ISA_USAGE = YES_ERROR;
				CLANG_WARN_EMPTY_BODY = YES;
				CLANG_WARN_ENUM_CONVERSION = YES;
				CLANG_WARN_INT_CONVERSION = YES;
				CLANG_WARN_OBJC_ROOT_CLASS = YES_ERROR;
				CLANG_WARN_UNREACHABLE_CODE = YES;
				CLANG_WARN__DUPLICATE_METHOD_MATCH = YES;
				"CODE_SIGN_IDENTITY[sdk=iphoneos*]" = "iPhone Developer";
				COPY_PHASE_STRIP = NO;
				ENABLE_STRICT_OBJC_MSGSEND = YES;
				GCC_C_LANGUAGE_STANDARD = gnu99;
				GCC_DYNAMIC_NO_PIC = NO;
				GCC_OPTIMIZATION_LEVEL = 0;
				GCC_PREPROCESSOR_DEFINITIONS = (
					"DEBUG=1",
					"$(inherited)",
				);
				GCC_SYMBOLS_PRIVATE_EXTERN = NO;
				GCC_WARN_64_TO_32_BIT_CONVERSION = YES;
				GCC_WARN_ABOUT_RETURN_TYPE = YES_ERROR;
				GCC_WARN_UNDECLARED_SELECTOR = YES;
				GCC_WARN_UNINITIALIZED_AUTOS = YES_AGGRESSIVE;
				GCC_WARN_UNUSED_FUNCTION = YES;
				GCC_WARN_UNUSED_VARIABLE = YES;
				IPHONEOS_DEPLOYMENT_TARGET = 8.0;
				MTL_ENABLE_DEBUG_INFO = YES;
				ONLY_ACTIVE_ARCH = YES;
				SDKROOT = iphoneos;
				SWIFT_OPTIMIZATION_LEVEL = "-Onone";
			};
			name = Debug;
		};
		4CCD3DFE19F4345A0055CE58 /* Release */ = {
			isa = XCBuildConfiguration;
			buildSettings = {
				ALWAYS_SEARCH_USER_PATHS = NO;
				CLANG_CXX_LANGUAGE_STANDARD = "gnu++0x";
				CLANG_CXX_LIBRARY = "libc++";
				CLANG_ENABLE_MODULES = YES;
				CLANG_ENABLE_OBJC_ARC = YES;
				CLANG_WARN_BOOL_CONVERSION = YES;
				CLANG_WARN_CONSTANT_CONVERSION = YES;
				CLANG_WARN_DIRECT_OBJC_ISA_USAGE = YES_ERROR;
				CLANG_WARN_EMPTY_BODY = YES;
				CLANG_WARN_ENUM_CONVERSION = YES;
				CLANG_WARN_INT_CONVERSION = YES;
				CLANG_WARN_OBJC_ROOT_CLASS = YES_ERROR;
				CLANG_WARN_UNREACHABLE_CODE = YES;
				CLANG_WARN__DUPLICATE_METHOD_MATCH = YES;
				"CODE_SIGN_IDENTITY[sdk=iphoneos*]" = "iPhone Developer";
				COPY_PHASE_STRIP = YES;
				ENABLE_NS_ASSERTIONS = NO;
				ENABLE_STRICT_OBJC_MSGSEND = YES;
				GCC_C_LANGUAGE_STANDARD = gnu99;
				GCC_WARN_64_TO_32_BIT_CONVERSION = YES;
				GCC_WARN_ABOUT_RETURN_TYPE = YES_ERROR;
				GCC_WARN_UNDECLARED_SELECTOR = YES;
				GCC_WARN_UNINITIALIZED_AUTOS = YES_AGGRESSIVE;
				GCC_WARN_UNUSED_FUNCTION = YES;
				GCC_WARN_UNUSED_VARIABLE = YES;
				IPHONEOS_DEPLOYMENT_TARGET = 8.0;
				MTL_ENABLE_DEBUG_INFO = NO;
				SDKROOT = iphoneos;
				VALIDATE_PRODUCT = YES;
			};
			name = Release;
		};
		4CCD3E0019F4345A0055CE58 /* Debug */ = {
			isa = XCBuildConfiguration;
			baseConfigurationReference = 4E2B0397CE1388E22528A05D /* Pods-CatchUp.debug.xcconfig */;
			buildSettings = {
				ASSETCATALOG_COMPILER_APPICON_NAME = AppIcon;
				CODE_SIGN_IDENTITY = "iPhone Developer";
				FRAMEWORK_SEARCH_PATHS = (
					"$(inherited)",
					"$(PROJECT_DIR)/CatchUp",
				);
				INFOPLIST_FILE = CatchUp/Info.plist;
				LD_RUNPATH_SEARCH_PATHS = "$(inherited) @executable_path/Frameworks";
				PRODUCT_NAME = "$(TARGET_NAME)";
				SWIFT_OBJC_BRIDGING_HEADER = "CatchUp/CatchUp-Bridging-Header.h";
			};
			name = Debug;
		};
		4CCD3E0119F4345A0055CE58 /* Release */ = {
			isa = XCBuildConfiguration;
			baseConfigurationReference = 5B735488D24DF3C2B738E828 /* Pods-CatchUp.release.xcconfig */;
			buildSettings = {
				ASSETCATALOG_COMPILER_APPICON_NAME = AppIcon;
				CODE_SIGN_IDENTITY = "iPhone Developer";
				FRAMEWORK_SEARCH_PATHS = (
					"$(inherited)",
					"$(PROJECT_DIR)/CatchUp",
				);
				INFOPLIST_FILE = CatchUp/Info.plist;
				LD_RUNPATH_SEARCH_PATHS = "$(inherited) @executable_path/Frameworks";
				PRODUCT_NAME = "$(TARGET_NAME)";
				SWIFT_OBJC_BRIDGING_HEADER = "CatchUp/CatchUp-Bridging-Header.h";
			};
			name = Release;
		};
		4CCD3E0319F4345A0055CE58 /* Debug */ = {
			isa = XCBuildConfiguration;
			buildSettings = {
				BUNDLE_LOADER = "$(TEST_HOST)";
				FRAMEWORK_SEARCH_PATHS = (
					"$(SDKROOT)/Developer/Library/Frameworks",
					"$(inherited)",
				);
				GCC_PREPROCESSOR_DEFINITIONS = (
					"DEBUG=1",
					"$(inherited)",
				);
				INFOPLIST_FILE = CatchUpTests/Info.plist;
				LD_RUNPATH_SEARCH_PATHS = "$(inherited) @executable_path/Frameworks @loader_path/Frameworks";
				PRODUCT_NAME = "$(TARGET_NAME)";
				TEST_HOST = "$(BUILT_PRODUCTS_DIR)/CatchUp.app/CatchUp";
			};
			name = Debug;
		};
		4CCD3E0419F4345A0055CE58 /* Release */ = {
			isa = XCBuildConfiguration;
			buildSettings = {
				BUNDLE_LOADER = "$(TEST_HOST)";
				FRAMEWORK_SEARCH_PATHS = (
					"$(SDKROOT)/Developer/Library/Frameworks",
					"$(inherited)",
				);
				INFOPLIST_FILE = CatchUpTests/Info.plist;
				LD_RUNPATH_SEARCH_PATHS = "$(inherited) @executable_path/Frameworks @loader_path/Frameworks";
				PRODUCT_NAME = "$(TARGET_NAME)";
				TEST_HOST = "$(BUILT_PRODUCTS_DIR)/CatchUp.app/CatchUp";
			};
			name = Release;
		};
/* End XCBuildConfiguration section */

/* Begin XCConfigurationList section */
		4CCD3DDB19F4345A0055CE58 /* Build configuration list for PBXProject "CatchUp" */ = {
			isa = XCConfigurationList;
			buildConfigurations = (
				4CCD3DFD19F4345A0055CE58 /* Debug */,
				4CCD3DFE19F4345A0055CE58 /* Release */,
			);
			defaultConfigurationIsVisible = 0;
			defaultConfigurationName = Release;
		};
		4CCD3DFF19F4345A0055CE58 /* Build configuration list for PBXNativeTarget "CatchUp" */ = {
			isa = XCConfigurationList;
			buildConfigurations = (
				4CCD3E0019F4345A0055CE58 /* Debug */,
				4CCD3E0119F4345A0055CE58 /* Release */,
			);
			defaultConfigurationIsVisible = 0;
			defaultConfigurationName = Release;
		};
		4CCD3E0219F4345A0055CE58 /* Build configuration list for PBXNativeTarget "CatchUpTests" */ = {
			isa = XCConfigurationList;
			buildConfigurations = (
				4CCD3E0319F4345A0055CE58 /* Debug */,
				4CCD3E0419F4345A0055CE58 /* Release */,
			);
			defaultConfigurationIsVisible = 0;
			defaultConfigurationName = Release;
		};
/* End XCConfigurationList section */
	};
	rootObject = 4CCD3DD819F4345A0055CE58 /* Project object */;
}
